
Microsoft Visual Studio Solution File, Format Version 12.00
# Visual Studio Version 17
VisualStudioVersion = 17.11.35327.3
MinimumVisualStudioVersion = 10.0.40219.1
Project("{FAE04EC0-301F-11D3-BF4B-00C04F79EFBC}") = "Simulation", "Simulation.csproj", "{FF9A541D-8707-4E78-9625-1D3BA450DB27}"
EndProject
Global
	GlobalSection(SolutionConfigurationPlatforms) = preSolution
		Debug|Any CPU = Debug|Any CPU
		Release|Any CPU = Release|Any CPU
	EndGlobalSection
	GlobalSection(ProjectConfigurationPlatforms) = postSolution
		{FF9A541D-8707-4E78-9625-1D3BA450DB27}.Debug|Any CPU.ActiveCfg = Debug|Any CPU
		{FF9A541D-8707-4E78-9625-1D3BA450DB27}.Debug|Any CPU.Build.0 = Debug|Any CPU
		{FF9A541D-8707-4E78-9625-1D3BA450DB27}.Release|Any CPU.ActiveCfg = Release|Any CPU
		{FF9A541D-8707-4E78-9625-1D3BA450DB27}.Release|Any CPU.Build.0 = Release|Any CPU
	EndGlobalSection
	GlobalSection(SolutionProperties) = preSolution
		HideSolutionNode = FALSE
	EndGlobalSection
	GlobalSection(ExtensibilityGlobals) = postSolution
		SolutionGuid = {4F2AD025-0F00-461F-93FA-A3F06AAA114F}
	EndGlobalSection
EndGlobal
